
Microsoft Visual Studio Solution File, Format Version 12.00
# Visual Studio Version 17
VisualStudioVersion = 17.10.34916.146
MinimumVisualStudioVersion = 10.0.40219.1
Project("{9A19103F-16F7-4668-BE54-9A1E7A4F7556}") = "Domain", "Domain\Domain.csproj", "{DBF0DFFF-22AC-4068-9FA0-F9CA36E0448A}"
EndProject
Project("{9A19103F-16F7-4668-BE54-9A1E7A4F7556}") = "Infrastructure", "Infrastructure\Infrastructure.csproj", "{C756172B-EEC7-4846-A3CC-A453E64C437F}"
EndProject
Project("{9A19103F-16F7-4668-BE54-9A1E7A4F7556}") = "API", "API\API.csproj", "{AA805843-D838-4358-8317-4E6F932BAD25}"
EndProject
Project("{9A19103F-16F7-4668-BE54-9A1E7A4F7556}") = "Application", "Application\Application.csproj", "{8FBA4FDD-4E60-434D-AE51-BD7121EDA37A}"
EndProject
Global
	GlobalSection(SolutionConfigurationPlatforms) = preSolution
		Debug|Any CPU = Debug|Any CPU
		Release|Any CPU = Release|Any CPU
	EndGlobalSection
	GlobalSection(ProjectConfigurationPlatforms) = postSolution
		{DBF0DFFF-22AC-4068-9FA0-F9CA36E0448A}.Debug|Any CPU.ActiveCfg = Debug|Any CPU
		{DBF0DFFF-22AC-4068-9FA0-F9CA36E0448A}.Debug|Any CPU.Build.0 = Debug|Any CPU
		{DBF0DFFF-22AC-4068-9FA0-F9CA36E0448A}.Release|Any CPU.ActiveCfg = Release|Any CPU
		{DBF0DFFF-22AC-4068-9FA0-F9CA36E0448A}.Release|Any CPU.Build.0 = Release|Any CPU
		{C756172B-EEC7-4846-A3CC-A453E64C437F}.Debug|Any CPU.ActiveCfg = Debug|Any CPU
		{C756172B-EEC7-4846-A3CC-A453E64C437F}.Debug|Any CPU.Build.0 = Debug|Any CPU
		{C756172B-EEC7-4846-A3CC-A453E64C437F}.Release|Any CPU.ActiveCfg = Release|Any CPU
		{C756172B-EEC7-4846-A3CC-A453E64C437F}.Release|Any CPU.Build.0 = Release|Any CPU
		{AA805843-D838-4358-8317-4E6F932BAD25}.Debug|Any CPU.ActiveCfg = Debug|Any CPU
		{AA805843-D838-4358-8317-4E6F932BAD25}.Debug|Any CPU.Build.0 = Debug|Any CPU
		{AA805843-D838-4358-8317-4E6F932BAD25}.Release|Any CPU.ActiveCfg = Release|Any CPU
		{AA805843-D838-4358-8317-4E6F932BAD25}.Release|Any CPU.Build.0 = Release|Any CPU
		{8FBA4FDD-4E60-434D-AE51-BD7121EDA37A}.Debug|Any CPU.ActiveCfg = Debug|Any CPU
		{8FBA4FDD-4E60-434D-AE51-BD7121EDA37A}.Debug|Any CPU.Build.0 = Debug|Any CPU
		{8FBA4FDD-4E60-434D-AE51-BD7121EDA37A}.Release|Any CPU.ActiveCfg = Release|Any CPU
		{8FBA4FDD-4E60-434D-AE51-BD7121EDA37A}.Release|Any CPU.Build.0 = Release|Any CPU
	EndGlobalSection
	GlobalSection(SolutionProperties) = preSolution
		HideSolutionNode = FALSE
	EndGlobalSection
	GlobalSection(ExtensibilityGlobals) = postSolution
		SolutionGuid = {91F44DF8-9D70-4ED4-8046-C874D3DCC322}
	EndGlobalSection
EndGlobal
